
Microsoft Visual Studio Solution File, Format Version 12.00
# Visual Studio Version 16
VisualStudioVersion = 16.0.32929.386
MinimumVisualStudioVersion = 10.0.40219.1
Project("{8BC9CEB8-8B4A-11D0-8D11-00A0C91BC942}") = "lab4", "lab4\lab4.vcxproj", "{B2BD1164-FAED-4E5E-8835-E2C77D85070D}"
EndProject
Global
	GlobalSection(SolutionConfigurationPlatforms) = preSolution
		Debug|x64 = Debug|x64
		Debug|x86 = Debug|x86
		Release|x64 = Release|x64
		Release|x86 = Release|x86
	EndGlobalSection
	GlobalSection(ProjectConfigurationPlatforms) = postSolution
		{B2BD1164-FAED-4E5E-8835-E2C77D85070D}.Debug|x64.ActiveCfg = Debug|x64
		{B2BD1164-FAED-4E5E-8835-E2C77D85070D}.Debug|x64.Build.0 = Debug|x64
		{B2BD1164-FAED-4E5E-8835-E2C77D85070D}.Debug|x86.ActiveCfg = Debug|Win32
		{B2BD1164-FAED-4E5E-8835-E2C77D85070D}.Debug|x86.Build.0 = Debug|Win32
		{B2BD1164-FAED-4E5E-8835-E2C77D85070D}.Release|x64.ActiveCfg = Release|x64
		{B2BD1164-FAED-4E5E-8835-E2C77D85070D}.Release|x64.Build.0 = Release|x64
		{B2BD1164-FAED-4E5E-8835-E2C77D85070D}.Release|x86.ActiveCfg = Release|Win32
		{B2BD1164-FAED-4E5E-8835-E2C77D85070D}.Release|x86.Build.0 = Release|Win32
	EndGlobalSection
	GlobalSection(SolutionProperties) = preSolution
		HideSolutionNode = FALSE
	EndGlobalSection
	GlobalSection(ExtensibilityGlobals) = postSolution
		SolutionGuid = {4F60DB81-7212-4B35-ACB5-EFF4CD144BF7}
	EndGlobalSection
EndGlobal
