
Microsoft Visual Studio Solution File, Format Version 12.00
# Visual Studio Version 16
VisualStudioVersion = 16.0.32929.386
MinimumVisualStudioVersion = 10.0.40219.1
Project("{8BC9CEB8-8B4A-11D0-8D11-00A0C91BC942}") = "lab5", "lab5\lab5.vcxproj", "{442AF48D-77B9-45F5-A18A-2CF8FA59CCD7}"
EndProject
Global
	GlobalSection(SolutionConfigurationPlatforms) = preSolution
		Debug|x64 = Debug|x64
		Debug|x86 = Debug|x86
		Release|x64 = Release|x64
		Release|x86 = Release|x86
	EndGlobalSection
	GlobalSection(ProjectConfigurationPlatforms) = postSolution
		{442AF48D-77B9-45F5-A18A-2CF8FA59CCD7}.Debug|x64.ActiveCfg = Debug|x64
		{442AF48D-77B9-45F5-A18A-2CF8FA59CCD7}.Debug|x64.Build.0 = Debug|x64
		{442AF48D-77B9-45F5-A18A-2CF8FA59CCD7}.Debug|x86.ActiveCfg = Debug|Win32
		{442AF48D-77B9-45F5-A18A-2CF8FA59CCD7}.Debug|x86.Build.0 = Debug|Win32
		{442AF48D-77B9-45F5-A18A-2CF8FA59CCD7}.Release|x64.ActiveCfg = Release|x64
		{442AF48D-77B9-45F5-A18A-2CF8FA59CCD7}.Release|x64.Build.0 = Release|x64
		{442AF48D-77B9-45F5-A18A-2CF8FA59CCD7}.Release|x86.ActiveCfg = Release|Win32
		{442AF48D-77B9-45F5-A18A-2CF8FA59CCD7}.Release|x86.Build.0 = Release|Win32
	EndGlobalSection
	GlobalSection(SolutionProperties) = preSolution
		HideSolutionNode = FALSE
	EndGlobalSection
	GlobalSection(ExtensibilityGlobals) = postSolution
		SolutionGuid = {F1FFC7B6-3F88-46FF-8F38-50ACA13A7099}
	EndGlobalSection
EndGlobal
